
Microsoft Visual Studio Solution File, Format Version 12.00
# Visual Studio Version 17
VisualStudioVersion = 17.8.34511.84
MinimumVisualStudioVersion = 10.0.40219.1
Project("{FAE04EC0-301F-11D3-BF4B-00C04F79EFBC}") = "Pumb", "Pumb\Pumb.csproj", "{2121CAE3-E051-4E6F-954B-5C2F852660F2}"
EndProject
Project("{FAE04EC0-301F-11D3-BF4B-00C04F79EFBC}") = "HelperLibrary", "FormatLibrary\HelperLibrary.csproj", "{C14803B7-4A6A-42BE-BCF6-C313D9785A26}"
EndProject
Project("{FAE04EC0-301F-11D3-BF4B-00C04F79EFBC}") = "RestPumb", "RestPumb\RestPumb.csproj", "{31FA5583-AF78-44F1-947F-2C28D8C52105}"
EndProject
Project("{FAE04EC0-301F-11D3-BF4B-00C04F79EFBC}") = "PrivatPayments", "PrivatPayments\PrivatPayments.csproj", "{9F2F1908-CE1F-4E7E-AF06-F0DFF1C79E3A}"
EndProject
Project("{FAE04EC0-301F-11D3-BF4B-00C04F79EFBC}") = "PrivateRests", "PrivateRests\PrivateRests.csproj", "{532BA3C6-1E3E-4FC1-B549-C618FCFA0E0A}"
EndProject
Global
	GlobalSection(SolutionConfigurationPlatforms) = preSolution
		Debug|Any CPU = Debug|Any CPU
		Release|Any CPU = Release|Any CPU
	EndGlobalSection
	GlobalSection(ProjectConfigurationPlatforms) = postSolution
		{2121CAE3-E051-4E6F-954B-5C2F852660F2}.Debug|Any CPU.ActiveCfg = Debug|Any CPU
		{2121CAE3-E051-4E6F-954B-5C2F852660F2}.Debug|Any CPU.Build.0 = Debug|Any CPU
		{2121CAE3-E051-4E6F-954B-5C2F852660F2}.Release|Any CPU.ActiveCfg = Release|Any CPU
		{2121CAE3-E051-4E6F-954B-5C2F852660F2}.Release|Any CPU.Build.0 = Release|Any CPU
		{C14803B7-4A6A-42BE-BCF6-C313D9785A26}.Debug|Any CPU.ActiveCfg = Debug|Any CPU
		{C14803B7-4A6A-42BE-BCF6-C313D9785A26}.Debug|Any CPU.Build.0 = Debug|Any CPU
		{C14803B7-4A6A-42BE-BCF6-C313D9785A26}.Release|Any CPU.ActiveCfg = Release|Any CPU
		{C14803B7-4A6A-42BE-BCF6-C313D9785A26}.Release|Any CPU.Build.0 = Release|Any CPU
		{31FA5583-AF78-44F1-947F-2C28D8C52105}.Debug|Any CPU.ActiveCfg = Debug|Any CPU
		{31FA5583-AF78-44F1-947F-2C28D8C52105}.Debug|Any CPU.Build.0 = Debug|Any CPU
		{31FA5583-AF78-44F1-947F-2C28D8C52105}.Release|Any CPU.ActiveCfg = Release|Any CPU
		{31FA5583-AF78-44F1-947F-2C28D8C52105}.Release|Any CPU.Build.0 = Release|Any CPU
		{9F2F1908-CE1F-4E7E-AF06-F0DFF1C79E3A}.Debug|Any CPU.ActiveCfg = Debug|Any CPU
		{9F2F1908-CE1F-4E7E-AF06-F0DFF1C79E3A}.Debug|Any CPU.Build.0 = Debug|Any CPU
		{9F2F1908-CE1F-4E7E-AF06-F0DFF1C79E3A}.Release|Any CPU.ActiveCfg = Release|Any CPU
		{9F2F1908-CE1F-4E7E-AF06-F0DFF1C79E3A}.Release|Any CPU.Build.0 = Release|Any CPU
		{532BA3C6-1E3E-4FC1-B549-C618FCFA0E0A}.Debug|Any CPU.ActiveCfg = Debug|Any CPU
		{532BA3C6-1E3E-4FC1-B549-C618FCFA0E0A}.Debug|Any CPU.Build.0 = Debug|Any CPU
		{532BA3C6-1E3E-4FC1-B549-C618FCFA0E0A}.Release|Any CPU.ActiveCfg = Release|Any CPU
		{532BA3C6-1E3E-4FC1-B549-C618FCFA0E0A}.Release|Any CPU.Build.0 = Release|Any CPU
	EndGlobalSection
	GlobalSection(SolutionProperties) = preSolution
		HideSolutionNode = FALSE
	EndGlobalSection
	GlobalSection(ExtensibilityGlobals) = postSolution
		SolutionGuid = {78908DA7-BBB2-4B32-AE9D-5613CCF5086D}
	EndGlobalSection
EndGlobal
